
Microsoft Visual Studio Solution File, Format Version 12.00
Project("{FAE04EC0-301F-11D3-BF4B-00C04F79EFBC}") = "Bubble_sort", "Bubble_sort.csproj", "{C9D029E7-040C-46D7-8803-94CD1EB9FBDA}"
EndProject
Global
	GlobalSection(SolutionConfigurationPlatforms) = preSolution
		Debug|Any CPU = Debug|Any CPU
		Release|Any CPU = Release|Any CPU
	EndGlobalSection
	GlobalSection(ProjectConfigurationPlatforms) = postSolution
		{C9D029E7-040C-46D7-8803-94CD1EB9FBDA}.Debug|Any CPU.ActiveCfg = Debug|Any CPU
		{C9D029E7-040C-46D7-8803-94CD1EB9FBDA}.Debug|Any CPU.Build.0 = Debug|Any CPU
		{C9D029E7-040C-46D7-8803-94CD1EB9FBDA}.Release|Any CPU.ActiveCfg = Release|Any CPU
		{C9D029E7-040C-46D7-8803-94CD1EB9FBDA}.Release|Any CPU.Build.0 = Release|Any CPU
	EndGlobalSection
EndGlobal
