
Microsoft Visual Studio Solution File, Format Version 12.00
Project("{FAE04EC0-301F-11D3-BF4B-00C04F79EFBC}") = "Company_Evaluation", "Company_Evaluation\Company_Evaluation.csproj", "{04BC4B6A-CC58-4372-B2ED-DB9793D10334}"
EndProject
Global
	GlobalSection(SolutionConfigurationPlatforms) = preSolution
		Debug|Any CPU = Debug|Any CPU
		Release|Any CPU = Release|Any CPU
	EndGlobalSection
	GlobalSection(ProjectConfigurationPlatforms) = postSolution
		{04BC4B6A-CC58-4372-B2ED-DB9793D10334}.Debug|Any CPU.ActiveCfg = Debug|Any CPU
		{04BC4B6A-CC58-4372-B2ED-DB9793D10334}.Debug|Any CPU.Build.0 = Debug|Any CPU
		{04BC4B6A-CC58-4372-B2ED-DB9793D10334}.Release|Any CPU.ActiveCfg = Release|Any CPU
		{04BC4B6A-CC58-4372-B2ED-DB9793D10334}.Release|Any CPU.Build.0 = Release|Any CPU
	EndGlobalSection
EndGlobal
